// !$*UTF8*$!
{
	archiveVersion = 1;
	classes = {
	};
	objectVersion = 56;
	objects = {

/* Begin PBXBuildFile section */
		40BA63BD2A4E5EE100BA6D72 /* ComposableArchitecturePracticeApp.swift in Sources */ = {isa = PBXBuildFile; fileRef = 40BA63BC2A4E5EE100BA6D72 /* ComposableArchitecturePracticeApp.swift */; };
		40BA63BF2A4E5EE100BA6D72 /* ContentView.swift in Sources */ = {isa = PBXBuildFile; fileRef = 40BA63BE2A4E5EE100BA6D72 /* ContentView.swift */; };
		40BA63C12A4E5EE200BA6D72 /* Assets.xcassets in Resources */ = {isa = PBXBuildFile; fileRef = 40BA63C02A4E5EE200BA6D72 /* Assets.xcassets */; };
		40BA63C42A4E5EE200BA6D72 /* Preview Assets.xcassets in Resources */ = {isa = PBXBuildFile; fileRef = 40BA63C32A4E5EE200BA6D72 /* Preview Assets.xcassets */; };
		40BA63CB2A4E5F7900BA6D72 /* CounterFeature.swift in Sources */ = {isa = PBXBuildFile; fileRef = 40BA63CA2A4E5F7900BA6D72 /* CounterFeature.swift */; };
		40BA63CE2A4E603C00BA6D72 /* ComposableArchitecture in Frameworks */ = {isa = PBXBuildFile; productRef = 40BA63CD2A4E603C00BA6D72 /* ComposableArchitecture */; };
		40BA63D12A4E703600BA6D72 /* CounterView.swift in Sources */ = {isa = PBXBuildFile; fileRef = 40BA63D02A4E703600BA6D72 /* CounterView.swift */; };
		40BA63D42A4ECED700BA6D72 /* BoxView.swift in Sources */ = {isa = PBXBuildFile; fileRef = 40BA63D32A4ECED700BA6D72 /* BoxView.swift */; };
/* End PBXBuildFile section */

/* Begin PBXFileReference section */
		40BA63B92A4E5EE100BA6D72 /* ComposableArchitecturePractice.app */ = {isa = PBXFileReference; explicitFileType = wrapper.application; includeInIndex = 0; path = ComposableArchitecturePractice.app; sourceTree = BUILT_PRODUCTS_DIR; };
		40BA63BC2A4E5EE100BA6D72 /* ComposableArchitecturePracticeApp.swift */ = {isa = PBXFileReference; lastKnownFileType = sourcecode.swift; path = ComposableArchitecturePracticeApp.swift; sourceTree = "<group>"; };
		40BA63BE2A4E5EE100BA6D72 /* ContentView.swift */ = {isa = PBXFileReference; lastKnownFileType = sourcecode.swift; path = ContentView.swift; sourceTree = "<group>"; };
		40BA63C02A4E5EE200BA6D72 /* Assets.xcassets */ = {isa = PBXFileReference; lastKnownFileType = folder.assetcatalog; path = Assets.xcassets; sourceTree = "<group>"; };
		40BA63C32A4E5EE200BA6D72 /* Preview Assets.xcassets */ = {isa = PBXFileReference; lastKnownFileType = folder.assetcatalog; path = "Preview Assets.xcassets"; sourceTree = "<group>"; };
		40BA63CA2A4E5F7900BA6D72 /* CounterFeature.swift */ = {isa = PBXFileReference; lastKnownFileType = sourcecode.swift; path = CounterFeature.swift; sourceTree = "<group>"; };
		40BA63D02A4E703600BA6D72 /* CounterView.swift */ = {isa = PBXFileReference; lastKnownFileType = sourcecode.swift; path = CounterView.swift; sourceTree = "<group>"; };
		40BA63D22A4EBE3A00BA6D72 /* Info.plist */ = {isa = PBXFileReference; lastKnownFileType = text.plist; path = Info.plist; sourceTree = "<group>"; };
		40BA63D32A4ECED700BA6D72 /* BoxView.swift */ = {isa = PBXFileReference; lastKnownFileType = sourcecode.swift; path = BoxView.swift; sourceTree = "<group>"; };
/* End PBXFileReference section */

/* Begin PBXFrameworksBuildPhase section */
		40BA63B62A4E5EE100BA6D72 /* Frameworks */ = {
			isa = PBXFrameworksBuildPhase;
			buildActionMask = 2147483647;
			files = (
				40BA63CE2A4E603C00BA6D72 /* ComposableArchitecture in Frameworks */,
			);
			runOnlyForDeploymentPostprocessing = 0;
		};
/* End PBXFrameworksBuildPhase section */

/* Begin PBXGroup section */
		40BA63B02A4E5EE100BA6D72 = {
			isa = PBXGroup;
			children = (
				40BA63BB2A4E5EE100BA6D72 /* ComposableArchitecturePractice */,
				40BA63BA2A4E5EE100BA6D72 /* Products */,
			);
			sourceTree = "<group>";
		};
		40BA63BA2A4E5EE100BA6D72 /* Products */ = {
			isa = PBXGroup;
			children = (
				40BA63B92A4E5EE100BA6D72 /* ComposableArchitecturePractice.app */,
			);
			name = Products;
			sourceTree = "<group>";
		};
		40BA63BB2A4E5EE100BA6D72 /* ComposableArchitecturePractice */ = {
			isa = PBXGroup;
			children = (
				40BA63D22A4EBE3A00BA6D72 /* Info.plist */,
				40BA63CF2A4E702900BA6D72 /* View */,
				40BA63BC2A4E5EE100BA6D72 /* ComposableArchitecturePracticeApp.swift */,
				40BA63BE2A4E5EE100BA6D72 /* ContentView.swift */,
				40BA63C02A4E5EE200BA6D72 /* Assets.xcassets */,
				40BA63C22A4E5EE200BA6D72 /* Preview Content */,
			);
			path = ComposableArchitecturePractice;
			sourceTree = "<group>";
		};
		40BA63C22A4E5EE200BA6D72 /* Preview Content */ = {
			isa = PBXGroup;
			children = (
				40BA63C32A4E5EE200BA6D72 /* Preview Assets.xcassets */,
			);
			path = "Preview Content";
			sourceTree = "<group>";
		};
		40BA63CF2A4E702900BA6D72 /* View */ = {
			isa = PBXGroup;
			children = (
				40BA63CA2A4E5F7900BA6D72 /* CounterFeature.swift */,
				40BA63D02A4E703600BA6D72 /* CounterView.swift */,
				40BA63D32A4ECED700BA6D72 /* BoxView.swift */,
			);
			path = View;
			sourceTree = "<group>";
		};
/* End PBXGroup section */

/* Begin PBXNativeTarget section */
		40BA63B82A4E5EE100BA6D72 /* ComposableArchitecturePractice */ = {
			isa = PBXNativeTarget;
			buildConfigurationList = 40BA63C72A4E5EE200BA6D72 /* Build configuration list for PBXNativeTarget "ComposableArchitecturePractice" */;
			buildPhases = (
				40BA63B52A4E5EE100BA6D72 /* Sources */,
				40BA63B62A4E5EE100BA6D72 /* Frameworks */,
				40BA63B72A4E5EE100BA6D72 /* Resources */,
			);
			buildRules = (
			);
			dependencies = (
			);
			name = ComposableArchitecturePractice;
			packageProductDependencies = (
				40BA63CD2A4E603C00BA6D72 /* ComposableArchitecture */,
			);
			productName = ComposableArchitecturePractice;
			productReference = 40BA63B92A4E5EE100BA6D72 /* ComposableArchitecturePractice.app */;
			productType = "com.apple.product-type.application";
		};
/* End PBXNativeTarget section */

/* Begin PBXProject section */
		40BA63B12A4E5EE100BA6D72 /* Project object */ = {
			isa = PBXProject;
			attributes = {
				BuildIndependentTargetsInParallel = 1;
				LastSwiftUpdateCheck = 1430;
				LastUpgradeCheck = 1430;
				TargetAttributes = {
					40BA63B82A4E5EE100BA6D72 = {
						CreatedOnToolsVersion = 14.3.1;
					};
				};
			};
			buildConfigurationList = 40BA63B42A4E5EE100BA6D72 /* Build configuration list for PBXProject "ComposableArchitecturePractice" */;
			compatibilityVersion = "Xcode 14.0";
			developmentRegion = en;
			hasScannedForEncodings = 0;
			knownRegions = (
				en,
				Base,
			);
			mainGroup = 40BA63B02A4E5EE100BA6D72;
			packageReferences = (
				40BA63CC2A4E603C00BA6D72 /* XCRemoteSwiftPackageReference "swift-composable-architecture" */,
			);
			productRefGroup = 40BA63BA2A4E5EE100BA6D72 /* Products */;
			projectDirPath = "";
			projectRoot = "";
			targets = (
				40BA63B82A4E5EE100BA6D72 /* ComposableArchitecturePractice */,
			);
		};
/* End PBXProject section */

/* Begin PBXResourcesBuildPhase section */
		40BA63B72A4E5EE100BA6D72 /* Resources */ = {
			isa = PBXResourcesBuildPhase;
			buildActionMask = 2147483647;
			files = (
				40BA63C42A4E5EE200BA6D72 /* Preview Assets.xcassets in Resources */,
				40BA63C12A4E5EE200BA6D72 /* Assets.xcassets in Resources */,
			);
			runOnlyForDeploymentPostprocessing = 0;
		};
/* End PBXResourcesBuildPhase section */

/* Begin PBXSourcesBuildPhase section */
		40BA63B52A4E5EE100BA6D72 /* Sources */ = {
			isa = PBXSourcesBuildPhase;
			buildActionMask = 2147483647;
			files = (
				40BA63CB2A4E5F7900BA6D72 /* CounterFeature.swift in Sources */,
				40BA63BF2A4E5EE100BA6D72 /* ContentView.swift in Sources */,
				40BA63D42A4ECED700BA6D72 /* BoxView.swift in Sources */,
				40BA63BD2A4E5EE100BA6D72 /* ComposableArchitecturePracticeApp.swift in Sources */,
				40BA63D12A4E703600BA6D72 /* CounterView.swift in Sources */,
			);
			runOnlyForDeploymentPostprocessing = 0;
		};
/* End PBXSourcesBuildPhase section */

/* Begin XCBuildConfiguration section */
		40BA63C52A4E5EE200BA6D72 /* Debug */ = {
			isa = XCBuildConfiguration;
			buildSettings = {
				ALWAYS_SEARCH_USER_PATHS = NO;
				CLANG_ANALYZER_NONNULL = YES;
				CLANG_ANALYZER_NUMBER_OBJECT_CONVERSION = YES_AGGRESSIVE;
				CLANG_CXX_LANGUAGE_STANDARD = "gnu++20";
				CLANG_ENABLE_MODULES = YES;
				CLANG_ENABLE_OBJC_ARC = YES;
				CLANG_ENABLE_OBJC_WEAK = YES;
				CLANG_WARN_BLOCK_CAPTURE_AUTORELEASING = YES;
				CLANG_WARN_BOOL_CONVERSION = YES;
				CLANG_WARN_COMMA = YES;
				CLANG_WARN_CONSTANT_CONVERSION = YES;
				CLANG_WARN_DEPRECATED_OBJC_IMPLEMENTATIONS = YES;
				CLANG_WARN_DIRECT_OBJC_ISA_USAGE = YES_ERROR;
				CLANG_WARN_DOCUMENTATION_COMMENTS = YES;
				CLANG_WARN_EMPTY_BODY = YES;
				CLANG_WARN_ENUM_CONVERSION = YES;
				CLANG_WARN_INFINITE_RECURSION = YES;
				CLANG_WARN_INT_CONVERSION = YES;
				CLANG_WARN_NON_LITERAL_NULL_CONVERSION = YES;
				CLANG_WARN_OBJC_IMPLICIT_RETAIN_SELF = YES;
				CLANG_WARN_OBJC_LITERAL_CONVERSION = YES;
				CLANG_WARN_OBJC_ROOT_CLASS = YES_ERROR;
				CLANG_WARN_QUOTED_INCLUDE_IN_FRAMEWORK_HEADER = YES;
				CLANG_WARN_RANGE_LOOP_ANALYSIS = YES;
				CLANG_WARN_STRICT_PROTOTYPES = YES;
				CLANG_WARN_SUSPICIOUS_MOVE = YES;
				CLANG_WARN_UNGUARDED_AVAILABILITY = YES_AGGRESSIVE;
				CLANG_WARN_UNREACHABLE_CODE = YES;
				CLANG_WARN__DUPLICATE_METHOD_MATCH = YES;
				COPY_PHASE_STRIP = NO;
				DEBUG_INFORMATION_FORMAT = dwarf;
				ENABLE_STRICT_OBJC_MSGSEND = YES;
				ENABLE_TESTABILITY = YES;
				GCC_C_LANGUAGE_STANDARD = gnu11;
				GCC_DYNAMIC_NO_PIC = NO;
				GCC_NO_COMMON_BLOCKS = YES;
				GCC_OPTIMIZATION_LEVEL = 0;
				GCC_PREPROCESSOR_DEFINITIONS = (
					"DEBUG=1",
					"$(inherited)",
				);
				GCC_WARN_64_TO_32_BIT_CONVERSION = YES;
				GCC_WARN_ABOUT_RETURN_TYPE = YES_ERROR;
				GCC_WARN_UNDECLARED_SELECTOR = YES;
				GCC_WARN_UNINITIALIZED_AUTOS = YES_AGGRESSIVE;
				GCC_WARN_UNUSED_FUNCTION = YES;
				GCC_WARN_UNUSED_VARIABLE = YES;
				IPHONEOS_DEPLOYMENT_TARGET = 16.4;
				MTL_ENABLE_DEBUG_INFO = INCLUDE_SOURCE;
				MTL_FAST_MATH = YES;
				ONLY_ACTIVE_ARCH = YES;
				SDKROOT = iphoneos;
				SWIFT_ACTIVE_COMPILATION_CONDITIONS = DEBUG;
				SWIFT_OPTIMIZATION_LEVEL = "-Onone";
			};
			name = Debug;
		};
		40BA63C62A4E5EE200BA6D72 /* Release */ = {
			isa = XCBuildConfiguration;
			buildSettings = {
				ALWAYS_SEARCH_USER_PATHS = NO;
				CLANG_ANALYZER_NONNULL = YES;
				CLANG_ANALYZER_NUMBER_OBJECT_CONVERSION = YES_AGGRESSIVE;
				CLANG_CXX_LANGUAGE_STANDARD = "gnu++20";
				CLANG_ENABLE_MODULES = YES;
				CLANG_ENABLE_OBJC_ARC = YES;
				CLANG_ENABLE_OBJC_WEAK = YES;
				CLANG_WARN_BLOCK_CAPTURE_AUTORELEASING = YES;
				CLANG_WARN_BOOL_CONVERSION = YES;
				CLANG_WARN_COMMA = YES;
				CLANG_WARN_CONSTANT_CONVERSION = YES;
				CLANG_WARN_DEPRECATED_OBJC_IMPLEMENTATIONS = YES;
				CLANG_WARN_DIRECT_OBJC_ISA_USAGE = YES_ERROR;
				CLANG_WARN_DOCUMENTATION_COMMENTS = YES;
				CLANG_WARN_EMPTY_BODY = YES;
				CLANG_WARN_ENUM_CONVERSION = YES;
				CLANG_WARN_INFINITE_RECURSION = YES;
				CLANG_WARN_INT_CONVERSION = YES;
				CLANG_WARN_NON_LITERAL_NULL_CONVERSION = YES;
				CLANG_WARN_OBJC_IMPLICIT_RETAIN_SELF = YES;
				CLANG_WARN_OBJC_LITERAL_CONVERSION = YES;
				CLANG_WARN_OBJC_ROOT_CLASS = YES_ERROR;
				CLANG_WARN_QUOTED_INCLUDE_IN_FRAMEWORK_HEADER = YES;
				CLANG_WARN_RANGE_LOOP_ANALYSIS = YES;
				CLANG_WARN_STRICT_PROTOTYPES = YES;
				CLANG_WARN_SUSPICIOUS_MOVE = YES;
				CLANG_WARN_UNGUARDED_AVAILABILITY = YES_AGGRESSIVE;
				CLANG_WARN_UNREACHABLE_CODE = YES;
				CLANG_WARN__DUPLICATE_METHOD_MATCH = YES;
				COPY_PHASE_STRIP = NO;
				DEBUG_INFORMATION_FORMAT = "dwarf-with-dsym";
				ENABLE_NS_ASSERTIONS = NO;
				ENABLE_STRICT_OBJC_MSGSEND = YES;
				GCC_C_LANGUAGE_STANDARD = gnu11;
				GCC_NO_COMMON_BLOCKS = YES;
				GCC_WARN_64_TO_32_BIT_CONVERSION = YES;
				GCC_WARN_ABOUT_RETURN_TYPE = YES_ERROR;
				GCC_WARN_UNDECLARED_SELECTOR = YES;
				GCC_WARN_UNINITIALIZED_AUTOS = YES_AGGRESSIVE;
				GCC_WARN_UNUSED_FUNCTION = YES;
				GCC_WARN_UNUSED_VARIABLE = YES;
				IPHONEOS_DEPLOYMENT_TARGET = 16.4;
				MTL_ENABLE_DEBUG_INFO = NO;
				MTL_FAST_MATH = YES;
				SDKROOT = iphoneos;
				SWIFT_COMPILATION_MODE = wholemodule;
				SWIFT_OPTIMIZATION_LEVEL = "-O";
				VALIDATE_PRODUCT = YES;
			};
			name = Release;
		};
		40BA63C82A4E5EE200BA6D72 /* Debug */ = {
			isa = XCBuildConfiguration;
			buildSettings = {
				ASSETCATALOG_COMPILER_APPICON_NAME = AppIcon;
				ASSETCATALOG_COMPILER_GLOBAL_ACCENT_COLOR_NAME = AccentColor;
				CODE_SIGN_STYLE = Automatic;
				CURRENT_PROJECT_VERSION = 1;
				DEVELOPMENT_ASSET_PATHS = "\"ComposableArchitecturePractice/Preview Content\"";
				DEVELOPMENT_TEAM = SJKHCRL68N;
				ENABLE_PREVIEWS = YES;
				GENERATE_INFOPLIST_FILE = YES;
				INFOPLIST_FILE = ComposableArchitecturePractice/Info.plist;
				INFOPLIST_KEY_UIApplicationSceneManifest_Generation = YES;
				INFOPLIST_KEY_UIApplicationSupportsIndirectInputEvents = YES;
				INFOPLIST_KEY_UILaunchScreen_Generation = YES;
				INFOPLIST_KEY_UISupportedInterfaceOrientations_iPad = "UIInterfaceOrientationPortrait UIInterfaceOrientationPortraitUpsideDown UIInterfaceOrientationLandscapeLeft UIInterfaceOrientationLandscapeRight";
				INFOPLIST_KEY_UISupportedInterfaceOrientations_iPhone = "UIInterfaceOrientationPortrait UIInterfaceOrientationLandscapeLeft UIInterfaceOrientationLandscapeRight";
				LD_RUNPATH_SEARCH_PATHS = (
					"$(inherited)",
					"@executable_path/Frameworks",
				);
				MARKETING_VERSION = 1.0;
				PRODUCT_BUNDLE_IDENTIFIER = com.tunko.ComposableArchitecturePractice;
				PRODUCT_NAME = "$(TARGET_NAME)";
				SWIFT_EMIT_LOC_STRINGS = YES;
				SWIFT_VERSION = 5.0;
				TARGETED_DEVICE_FAMILY = "1,2";
			};
			name = Debug;
		};
		40BA63C92A4E5EE200BA6D72 /* Release */ = {
			isa = XCBuildConfiguration;
			buildSettings = {
				ASSETCATALOG_COMPILER_APPICON_NAME = AppIcon;
				ASSETCATALOG_COMPILER_GLOBAL_ACCENT_COLOR_NAME = AccentColor;
				CODE_SIGN_STYLE = Automatic;
				CURRENT_PROJECT_VERSION = 1;
				DEVELOPMENT_ASSET_PATHS = "\"ComposableArchitecturePractice/Preview Content\"";
				DEVELOPMENT_TEAM = SJKHCRL68N;
				ENABLE_PREVIEWS = YES;
				GENERATE_INFOPLIST_FILE = YES;
				INFOPLIST_FILE = ComposableArchitecturePractice/Info.plist;
				INFOPLIST_KEY_UIApplicationSceneManifest_Generation = YES;
				INFOPLIST_KEY_UIApplicationSupportsIndirectInputEvents = YES;
				INFOPLIST_KEY_UILaunchScreen_Generation = YES;
				INFOPLIST_KEY_UISupportedInterfaceOrientations_iPad = "UIInterfaceOrientationPortrait UIInterfaceOrientationPortraitUpsideDown UIInterfaceOrientationLandscapeLeft UIInterfaceOrientationLandscapeRight";
				INFOPLIST_KEY_UISupportedInterfaceOrientations_iPhone = "UIInterfaceOrientationPortrait UIInterfaceOrientationLandscapeLeft UIInterfaceOrientationLandscapeRight";
				LD_RUNPATH_SEARCH_PATHS = (
					"$(inherited)",
					"@executable_path/Frameworks",
				);
				MARKETING_VERSION = 1.0;
				PRODUCT_BUNDLE_IDENTIFIER = com.tunko.ComposableArchitecturePractice;
				PRODUCT_NAME = "$(TARGET_NAME)";
				SWIFT_EMIT_LOC_STRINGS = YES;
				SWIFT_VERSION = 5.0;
				TARGETED_DEVICE_FAMILY = "1,2";
			};
			name = Release;
		};
/* End XCBuildConfiguration section */

/* Begin XCConfigurationList section */
		40BA63B42A4E5EE100BA6D72 /* Build configuration list for PBXProject "ComposableArchitecturePractice" */ = {
			isa = XCConfigurationList;
			buildConfigurations = (
				40BA63C52A4E5EE200BA6D72 /* Debug */,
				40BA63C62A4E5EE200BA6D72 /* Release */,
			);
			defaultConfigurationIsVisible = 0;
			defaultConfigurationName = Release;
		};
		40BA63C72A4E5EE200BA6D72 /* Build configuration list for PBXNativeTarget "ComposableArchitecturePractice" */ = {
			isa = XCConfigurationList;
			buildConfigurations = (
				40BA63C82A4E5EE200BA6D72 /* Debug */,
				40BA63C92A4E5EE200BA6D72 /* Release */,
			);
			defaultConfigurationIsVisible = 0;
			defaultConfigurationName = Release;
		};
/* End XCConfigurationList section */

/* Begin XCRemoteSwiftPackageReference section */
		40BA63CC2A4E603C00BA6D72 /* XCRemoteSwiftPackageReference "swift-composable-architecture" */ = {
			isa = XCRemoteSwiftPackageReference;
			repositoryURL = "http://github.com/pointfreeco/swift-composable-architecture";
			requirement = {
				kind = upToNextMajorVersion;
				minimumVersion = 0.55.0;
			};
		};
/* End XCRemoteSwiftPackageReference section */

/* Begin XCSwiftPackageProductDependency section */
		40BA63CD2A4E603C00BA6D72 /* ComposableArchitecture */ = {
			isa = XCSwiftPackageProductDependency;
			package = 40BA63CC2A4E603C00BA6D72 /* XCRemoteSwiftPackageReference "swift-composable-architecture" */;
			productName = ComposableArchitecture;
		};
/* End XCSwiftPackageProductDependency section */
	};
	rootObject = 40BA63B12A4E5EE100BA6D72 /* Project object */;
}
